{
    "_meta": {
        "hash": {
            "sha256": "64d6578c2122f45f92cbae30d1ad0fb9d22b99bbe027d57fa9507febd031a3a1"
        },
        "pipfile-spec": 6,
        "requires": {
            "python_version": "3.8"
        },
        "sources": [
            {
                "name": "pypi",
                "url": "https://pypi.org/simple",
                "verify_ssl": true
            }
        ]
    },
    "default": {
        "chromedriver-binary": {
            "hashes": [
                "sha256:0fbe56ae3a81cb9f1d54260fc29a628e3943c968647b0e67c072a5c5ee3c2a02"
            ],
            "index": "pypi",
            "version": "==80.0.3987.106.0"
        },
        "injector": {
            "hashes": [
                "sha256:04c15a965504c4628873a56886950bd254102552a1d41ee983bfb1a7f7c7e7d6",
                "sha256:b88f7e1433c288b8986568c6a73cc45a86659e18fae19b893c1d89572b5d84b4"
            ],
            "index": "pypi",
            "version": "==0.18.3"
        },
        "selenium": {
            "hashes": [
                "sha256:2d7131d7bc5a5b99a2d9b04aaf2612c411b03b8ca1b1ee8d3de5845a9be2cb3c",
                "sha256:deaf32b60ad91a4611b98d8002757f29e6f2c2d5fcaf202e1c9ad06d6772300d"
            ],
            "index": "pypi",
            "version": "==3.141.0"
        },
        "typing-extensions": {
            "hashes": [
                "sha256:091ecc894d5e908ac75209f10d5b4f118fbdb2eb1ede6a63544054bb1edb41f2",
                "sha256:910f4656f54de5993ad9304959ce9bb903f90aadc7c67a0bef07e678014e892d",
                "sha256:cf8b63fedea4d89bab840ecbb93e75578af28f76f66c35889bd7065f5af88575"
            ],
            "version": "==3.7.4.1"
        },
        "urllib3": {
            "hashes": [
                "sha256:2f3db8b19923a873b3e5256dc9c2dedfa883e33d87c690d9c7913e1f40673cdc",
                "sha256:87716c2d2a7121198ebcb7ce7cccf6ce5e9ba539041cfbaeecfb641dc0bf6acc"
            ],
            "version": "==1.25.8"
        }
    },
    "develop": {}
}
